
Microsoft Visual Studio Solution File, Format Version 12.00
# Visual Studio for Mac
Project("{FAE04EC0-301F-11D3-BF4B-00C04F79EFBC}") = "TeamMoveAvatar", "TeamMoveAvatar.csproj", "{55E9D284-AB21-62DE-3759-ADDB09827A4B}"
EndProject
Global
	GlobalSection(SolutionConfigurationPlatforms) = preSolution
		Debug|Any CPU = Debug|Any CPU
		Release|Any CPU = Release|Any CPU
	EndGlobalSection
	GlobalSection(ProjectConfigurationPlatforms) = postSolution
		{55E9D284-AB21-62DE-3759-ADDB09827A4B}.Debug|Any CPU.ActiveCfg = Debug|Any CPU
		{55E9D284-AB21-62DE-3759-ADDB09827A4B}.Debug|Any CPU.Build.0 = Debug|Any CPU
		{55E9D284-AB21-62DE-3759-ADDB09827A4B}.Release|Any CPU.ActiveCfg = Release|Any CPU
		{55E9D284-AB21-62DE-3759-ADDB09827A4B}.Release|Any CPU.Build.0 = Release|Any CPU
	EndGlobalSection
	GlobalSection(SolutionProperties) = preSolution
		HideSolutionNode = FALSE
	EndGlobalSection
EndGlobal
